// !$*UTF8*$!
{
	archiveVersion = 1;
	classes = {
	};
	objectVersion = 50;
	objects = {

/* Begin PBXBuildFile section */
		BA964B7526832138003265F2 /* AppDelegate.swift in Sources */ = {isa = PBXBuildFile; fileRef = BA964B7426832138003265F2 /* AppDelegate.swift */; };
		BA964B7726832138003265F2 /* SceneDelegate.swift in Sources */ = {isa = PBXBuildFile; fileRef = BA964B7626832138003265F2 /* SceneDelegate.swift */; };
		BA964B7926832138003265F2 /* ViewController.swift in Sources */ = {isa = PBXBuildFile; fileRef = BA964B7826832138003265F2 /* ViewController.swift */; };
		BA964B7C26832138003265F2 /* Main.storyboard in Resources */ = {isa = PBXBuildFile; fileRef = BA964B7A26832138003265F2 /* Main.storyboard */; };
		BA964B7E2683213A003265F2 /* Assets.xcassets in Resources */ = {isa = PBXBuildFile; fileRef = BA964B7D2683213A003265F2 /* Assets.xcassets */; };
		BA964B812683213A003265F2 /* LaunchScreen.storyboard in Resources */ = {isa = PBXBuildFile; fileRef = BA964B7F2683213A003265F2 /* LaunchScreen.storyboard */; };
		BA964B982683237E003265F2 /* QGVAPlayer.framework in Frameworks */ = {isa = PBXBuildFile; fileRef = BA964B8F26832197003265F2 /* QGVAPlayer.framework */; };
		BA964B992683237E003265F2 /* QGVAPlayer.framework in Embed Frameworks */ = {isa = PBXBuildFile; fileRef = BA964B8F26832197003265F2 /* QGVAPlayer.framework */; settings = {ATTRIBUTES = (CodeSignOnCopy, RemoveHeadersOnCopy, ); }; };
		BA964B9E268326C2003265F2 /* Resource in Resources */ = {isa = PBXBuildFile; fileRef = BA964B9D268326C2003265F2 /* Resource */; };
/* End PBXBuildFile section */

/* Begin PBXContainerItemProxy section */
		BA964B8E26832197003265F2 /* PBXContainerItemProxy */ = {
			isa = PBXContainerItemProxy;
			containerPortal = BA964B8926832197003265F2 /* QGVAPlayer.xcodeproj */;
			proxyType = 2;
			remoteGlobalIDString = 630723A722F0409200B15629;
			remoteInfo = QGVAPlayer;
		};
		BA964B9026832197003265F2 /* PBXContainerItemProxy */ = {
			isa = PBXContainerItemProxy;
			containerPortal = BA964B8926832197003265F2 /* QGVAPlayer.xcodeproj */;
			proxyType = 2;
			remoteGlobalIDString = 630723B022F0409200B15629;
			remoteInfo = QGVAPlayerTests;
		};
		BA964B9B268323D6003265F2 /* PBXContainerItemProxy */ = {
			isa = PBXContainerItemProxy;
			containerPortal = BA964B8926832197003265F2 /* QGVAPlayer.xcodeproj */;
			proxyType = 1;
			remoteGlobalIDString = 630723A622F0409200B15629;
			remoteInfo = QGVAPlayer;
		};
/* End PBXContainerItemProxy section */

/* Begin PBXCopyFilesBuildPhase section */
		BA964B9A2683237E003265F2 /* Embed Frameworks */ = {
			isa = PBXCopyFilesBuildPhase;
			buildActionMask = 2147483647;
			dstPath = "";
			dstSubfolderSpec = 10;
			files = (
				BA964B992683237E003265F2 /* QGVAPlayer.framework in Embed Frameworks */,
			);
			name = "Embed Frameworks";
			runOnlyForDeploymentPostprocessing = 0;
		};
/* End PBXCopyFilesBuildPhase section */

/* Begin PBXFileReference section */
		BA964B7126832138003265F2 /* QGVAPlayerDemoSwift.app */ = {isa = PBXFileReference; explicitFileType = wrapper.application; includeInIndex = 0; path = QGVAPlayerDemoSwift.app; sourceTree = BUILT_PRODUCTS_DIR; };
		BA964B7426832138003265F2 /* AppDelegate.swift */ = {isa = PBXFileReference; lastKnownFileType = sourcecode.swift; path = AppDelegate.swift; sourceTree = "<group>"; };
		BA964B7626832138003265F2 /* SceneDelegate.swift */ = {isa = PBXFileReference; lastKnownFileType = sourcecode.swift; path = SceneDelegate.swift; sourceTree = "<group>"; };
		BA964B7826832138003265F2 /* ViewController.swift */ = {isa = PBXFileReference; lastKnownFileType = sourcecode.swift; path = ViewController.swift; sourceTree = "<group>"; };
		BA964B7B26832138003265F2 /* Base */ = {isa = PBXFileReference; lastKnownFileType = file.storyboard; name = Base; path = Base.lproj/Main.storyboard; sourceTree = "<group>"; };
		BA964B7D2683213A003265F2 /* Assets.xcassets */ = {isa = PBXFileReference; lastKnownFileType = folder.assetcatalog; path = Assets.xcassets; sourceTree = "<group>"; };
		BA964B802683213A003265F2 /* Base */ = {isa = PBXFileReference; lastKnownFileType = file.storyboard; name = Base; path = Base.lproj/LaunchScreen.storyboard; sourceTree = "<group>"; };
		BA964B822683213A003265F2 /* Info.plist */ = {isa = PBXFileReference; lastKnownFileType = text.plist.xml; path = Info.plist; sourceTree = "<group>"; };
		BA964B8926832197003265F2 /* QGVAPlayer.xcodeproj */ = {isa = PBXFileReference; lastKnownFileType = "wrapper.pb-project"; name = QGVAPlayer.xcodeproj; path = ../../QGVAPlayer/QGVAPlayer.xcodeproj; sourceTree = "<group>"; };
		BA964B9426832253003265F2 /* QGVAPlayer-Bridging-Header.h */ = {isa = PBXFileReference; lastKnownFileType = sourcecode.c.h; path = "QGVAPlayer-Bridging-Header.h"; sourceTree = "<group>"; };
		BA964B9D268326C2003265F2 /* Resource */ = {isa = PBXFileReference; lastKnownFileType = folder; name = Resource; path = ../../QGVAPlayerDemo/Resource; sourceTree = "<group>"; };
/* End PBXFileReference section */

/* Begin PBXFrameworksBuildPhase section */
		BA964B6E26832138003265F2 /* Frameworks */ = {
			isa = PBXFrameworksBuildPhase;
			buildActionMask = 2147483647;
			files = (
				BA964B982683237E003265F2 /* QGVAPlayer.framework in Frameworks */,
			);
			runOnlyForDeploymentPostprocessing = 0;
		};
/* End PBXFrameworksBuildPhase section */

/* Begin PBXGroup section */
		BA964B6826832138003265F2 = {
			isa = PBXGroup;
			children = (
				BA964B7326832138003265F2 /* QGVAPlayerDemoSwift */,
				BA964B7226832138003265F2 /* Products */,
				BA964B972683237E003265F2 /* Frameworks */,
			);
			sourceTree = "<group>";
		};
		BA964B7226832138003265F2 /* Products */ = {
			isa = PBXGroup;
			children = (
				BA964B7126832138003265F2 /* QGVAPlayerDemoSwift.app */,
			);
			name = Products;
			sourceTree = "<group>";
		};
		BA964B7326832138003265F2 /* QGVAPlayerDemoSwift */ = {
			isa = PBXGroup;
			children = (
				BA964B9D268326C2003265F2 /* Resource */,
				BA964B8926832197003265F2 /* QGVAPlayer.xcodeproj */,
				BA964B7426832138003265F2 /* AppDelegate.swift */,
				BA964B7626832138003265F2 /* SceneDelegate.swift */,
				BA964B7826832138003265F2 /* ViewController.swift */,
				BA964B7A26832138003265F2 /* Main.storyboard */,
				BA964B7D2683213A003265F2 /* Assets.xcassets */,
				BA964B7F2683213A003265F2 /* LaunchScreen.storyboard */,
				BA964B822683213A003265F2 /* Info.plist */,
				BA964B9426832253003265F2 /* QGVAPlayer-Bridging-Header.h */,
			);
			path = QGVAPlayerDemoSwift;
			sourceTree = "<group>";
		};
		BA964B8A26832197003265F2 /* Products */ = {
			isa = PBXGroup;
			children = (
				BA964B8F26832197003265F2 /* QGVAPlayer.framework */,
				BA964B9126832197003265F2 /* QGVAPlayerTests.xctest */,
			);
			name = Products;
			sourceTree = "<group>";
		};
		BA964B972683237E003265F2 /* Frameworks */ = {
			isa = PBXGroup;
			children = (
			);
			name = Frameworks;
			sourceTree = "<group>";
		};
/* End PBXGroup section */

/* Begin PBXNativeTarget section */
		BA964B7026832138003265F2 /* QGVAPlayerDemoSwift */ = {
			isa = PBXNativeTarget;
			buildConfigurationList = BA964B852683213A003265F2 /* Build configuration list for PBXNativeTarget "QGVAPlayerDemoSwift" */;
			buildPhases = (
				BA964B6D26832138003265F2 /* Sources */,
				BA964B6E26832138003265F2 /* Frameworks */,
				BA964B6F26832138003265F2 /* Resources */,
				BA964B9A2683237E003265F2 /* Embed Frameworks */,
			);
			buildRules = (
			);
			dependencies = (
				BA964B9C268323D6003265F2 /* PBXTargetDependency */,
			);
			name = QGVAPlayerDemoSwift;
			productName = QGVAPlayerDemoSwift;
			productReference = BA964B7126832138003265F2 /* QGVAPlayerDemoSwift.app */;
			productType = "com.apple.product-type.application";
		};
/* End PBXNativeTarget section */

/* Begin PBXProject section */
		BA964B6926832138003265F2 /* Project object */ = {
			isa = PBXProject;
			attributes = {
				LastSwiftUpdateCheck = 1250;
				LastUpgradeCheck = 1250;
				TargetAttributes = {
					BA964B7026832138003265F2 = {
						CreatedOnToolsVersion = 12.5;
					};
				};
			};
			buildConfigurationList = BA964B6C26832138003265F2 /* Build configuration list for PBXProject "QGVAPlayerDemoSwift" */;
			compatibilityVersion = "Xcode 9.3";
			developmentRegion = en;
			hasScannedForEncodings = 0;
			knownRegions = (
				en,
				Base,
			);
			mainGroup = BA964B6826832138003265F2;
			productRefGroup = BA964B7226832138003265F2 /* Products */;
			projectDirPath = "";
			projectReferences = (
				{
					ProductGroup = BA964B8A26832197003265F2 /* Products */;
					ProjectRef = BA964B8926832197003265F2 /* QGVAPlayer.xcodeproj */;
				},
			);
			projectRoot = "";
			targets = (
				BA964B7026832138003265F2 /* QGVAPlayerDemoSwift */,
			);
		};
/* End PBXProject section */

/* Begin PBXReferenceProxy section */
		BA964B8F26832197003265F2 /* QGVAPlayer.framework */ = {
			isa = PBXReferenceProxy;
			fileType = wrapper.framework;
			path = QGVAPlayer.framework;
			remoteRef = BA964B8E26832197003265F2 /* PBXContainerItemProxy */;
			sourceTree = BUILT_PRODUCTS_DIR;
		};
		BA964B9126832197003265F2 /* QGVAPlayerTests.xctest */ = {
			isa = PBXReferenceProxy;
			fileType = wrapper.cfbundle;
			path = QGVAPlayerTests.xctest;
			remoteRef = BA964B9026832197003265F2 /* PBXContainerItemProxy */;
			sourceTree = BUILT_PRODUCTS_DIR;
		};
/* End PBXReferenceProxy section */

/* Begin PBXResourcesBuildPhase section */
		BA964B6F26832138003265F2 /* Resources */ = {
			isa = PBXResourcesBuildPhase;
			buildActionMask = 2147483647;
			files = (
				BA964B9E268326C2003265F2 /* Resource in Resources */,
				BA964B812683213A003265F2 /* LaunchScreen.storyboard in Resources */,
				BA964B7E2683213A003265F2 /* Assets.xcassets in Resources */,
				BA964B7C26832138003265F2 /* Main.storyboard in Resources */,
			);
			runOnlyForDeploymentPostprocessing = 0;
		};
/* End PBXResourcesBuildPhase section */

/* Begin PBXSourcesBuildPhase section */
		BA964B6D26832138003265F2 /* Sources */ = {
			isa = PBXSourcesBuildPhase;
			buildActionMask = 2147483647;
			files = (
				BA964B7926832138003265F2 /* ViewController.swift in Sources */,
				BA964B7526832138003265F2 /* AppDelegate.swift in Sources */,
				BA964B7726832138003265F2 /* SceneDelegate.swift in Sources */,
			);
			runOnlyForDeploymentPostprocessing = 0;
		};
/* End PBXSourcesBuildPhase section */

/* Begin PBXTargetDependency section */
		BA964B9C268323D6003265F2 /* PBXTargetDependency */ = {
			isa = PBXTargetDependency;
			name = QGVAPlayer;
			targetProxy = BA964B9B268323D6003265F2 /* PBXContainerItemProxy */;
		};
/* End PBXTargetDependency section */

/* Begin PBXVariantGroup section */
		BA964B7A26832138003265F2 /* Main.storyboard */ = {
			isa = PBXVariantGroup;
			children = (
				BA964B7B26832138003265F2 /* Base */,
			);
			name = Main.storyboard;
			sourceTree = "<group>";
		};
		BA964B7F2683213A003265F2 /* LaunchScreen.storyboard */ = {
			isa = PBXVariantGroup;
			children = (
				BA964B802683213A003265F2 /* Base */,
			);
			name = LaunchScreen.storyboard;
			sourceTree = "<group>";
		};
/* End PBXVariantGroup section */

/* Begin XCBuildConfiguration section */
		BA964B832683213A003265F2 /* Debug */ = {
			isa = XCBuildConfiguration;
			buildSettings = {
				ALWAYS_SEARCH_USER_PATHS = NO;
				CLANG_ANALYZER_NONNULL = YES;
				CLANG_ANALYZER_NUMBER_OBJECT_CONVERSION = YES_AGGRESSIVE;
				CLANG_CXX_LANGUAGE_STANDARD = "gnu++14";
				CLANG_CXX_LIBRARY = "libc++";
				CLANG_ENABLE_MODULES = YES;
				CLANG_ENABLE_OBJC_ARC = YES;
				CLANG_ENABLE_OBJC_WEAK = YES;
				CLANG_WARN_BLOCK_CAPTURE_AUTORELEASING = YES;
				CLANG_WARN_BOOL_CONVERSION = YES;
				CLANG_WARN_COMMA = YES;
				CLANG_WARN_CONSTANT_CONVERSION = YES;
				CLANG_WARN_DEPRECATED_OBJC_IMPLEMENTATIONS = YES;
				CLANG_WARN_DIRECT_OBJC_ISA_USAGE = YES_ERROR;
				CLANG_WARN_DOCUMENTATION_COMMENTS = YES;
				CLANG_WARN_EMPTY_BODY = YES;
				CLANG_WARN_ENUM_CONVERSION = YES;
				CLANG_WARN_INFINITE_RECURSION = YES;
				CLANG_WARN_INT_CONVERSION = YES;
				CLANG_WARN_NON_LITERAL_NULL_CONVERSION = YES;
				CLANG_WARN_OBJC_IMPLICIT_RETAIN_SELF = YES;
				CLANG_WARN_OBJC_LITERAL_CONVERSION = YES;
				CLANG_WARN_OBJC_ROOT_CLASS = YES_ERROR;
				CLANG_WARN_QUOTED_INCLUDE_IN_FRAMEWORK_HEADER = YES;
				CLANG_WARN_RANGE_LOOP_ANALYSIS = YES;
				CLANG_WARN_STRICT_PROTOTYPES = YES;
				CLANG_WARN_SUSPICIOUS_MOVE = YES;
				CLANG_WARN_UNGUARDED_AVAILABILITY = YES_AGGRESSIVE;
				CLANG_WARN_UNREACHABLE_CODE = YES;
				CLANG_WARN__DUPLICATE_METHOD_MATCH = YES;
				COPY_PHASE_STRIP = NO;
				DEBUG_INFORMATION_FORMAT = dwarf;
				ENABLE_STRICT_OBJC_MSGSEND = YES;
				ENABLE_TESTABILITY = YES;
				GCC_C_LANGUAGE_STANDARD = gnu11;
				GCC_DYNAMIC_NO_PIC = NO;
				GCC_NO_COMMON_BLOCKS = YES;
				GCC_OPTIMIZATION_LEVEL = 0;
				GCC_PREPROCESSOR_DEFINITIONS = (
					"DEBUG=1",
					"$(inherited)",
				);
				GCC_WARN_64_TO_32_BIT_CONVERSION = YES;
				GCC_WARN_ABOUT_RETURN_TYPE = YES_ERROR;
				GCC_WARN_UNDECLARED_SELECTOR = YES;
				GCC_WARN_UNINITIALIZED_AUTOS = YES_AGGRESSIVE;
				GCC_WARN_UNUSED_FUNCTION = YES;
				GCC_WARN_UNUSED_VARIABLE = YES;
				IPHONEOS_DEPLOYMENT_TARGET = 14.5;
				MTL_ENABLE_DEBUG_INFO = INCLUDE_SOURCE;
				MTL_FAST_MATH = YES;
				ONLY_ACTIVE_ARCH = YES;
				SDKROOT = iphoneos;
				SWIFT_ACTIVE_COMPILATION_CONDITIONS = DEBUG;
				SWIFT_OPTIMIZATION_LEVEL = "-Onone";
			};
			name = Debug;
		};
		BA964B842683213A003265F2 /* Release */ = {
			isa = XCBuildConfiguration;
			buildSettings = {
				ALWAYS_SEARCH_USER_PATHS = NO;
				CLANG_ANALYZER_NONNULL = YES;
				CLANG_ANALYZER_NUMBER_OBJECT_CONVERSION = YES_AGGRESSIVE;
				CLANG_CXX_LANGUAGE_STANDARD = "gnu++14";
				CLANG_CXX_LIBRARY = "libc++";
				CLANG_ENABLE_MODULES = YES;
				CLANG_ENABLE_OBJC_ARC = YES;
				CLANG_ENABLE_OBJC_WEAK = YES;
				CLANG_WARN_BLOCK_CAPTURE_AUTORELEASING = YES;
				CLANG_WARN_BOOL_CONVERSION = YES;
				CLANG_WARN_COMMA = YES;
				CLANG_WARN_CONSTANT_CONVERSION = YES;
				CLANG_WARN_DEPRECATED_OBJC_IMPLEMENTATIONS = YES;
				CLANG_WARN_DIRECT_OBJC_ISA_USAGE = YES_ERROR;
				CLANG_WARN_DOCUMENTATION_COMMENTS = YES;
				CLANG_WARN_EMPTY_BODY = YES;
				CLANG_WARN_ENUM_CONVERSION = YES;
				CLANG_WARN_INFINITE_RECURSION = YES;
				CLANG_WARN_INT_CONVERSION = YES;
				CLANG_WARN_NON_LITERAL_NULL_CONVERSION = YES;
				CLANG_WARN_OBJC_IMPLICIT_RETAIN_SELF = YES;
				CLANG_WARN_OBJC_LITERAL_CONVERSION = YES;
				CLANG_WARN_OBJC_ROOT_CLASS = YES_ERROR;
				CLANG_WARN_QUOTED_INCLUDE_IN_FRAMEWORK_HEADER = YES;
				CLANG_WARN_RANGE_LOOP_ANALYSIS = YES;
				CLANG_WARN_STRICT_PROTOTYPES = YES;
				CLANG_WARN_SUSPICIOUS_MOVE = YES;
				CLANG_WARN_UNGUARDED_AVAILABILITY = YES_AGGRESSIVE;
				CLANG_WARN_UNREACHABLE_CODE = YES;
				CLANG_WARN__DUPLICATE_METHOD_MATCH = YES;
				COPY_PHASE_STRIP = NO;
				DEBUG_INFORMATION_FORMAT = "dwarf-with-dsym";
				ENABLE_NS_ASSERTIONS = NO;
				ENABLE_STRICT_OBJC_MSGSEND = YES;
				GCC_C_LANGUAGE_STANDARD = gnu11;
				GCC_NO_COMMON_BLOCKS = YES;
				GCC_WARN_64_TO_32_BIT_CONVERSION = YES;
				GCC_WARN_ABOUT_RETURN_TYPE = YES_ERROR;
				GCC_WARN_UNDECLARED_SELECTOR = YES;
				GCC_WARN_UNINITIALIZED_AUTOS = YES_AGGRESSIVE;
				GCC_WARN_UNUSED_FUNCTION = YES;
				GCC_WARN_UNUSED_VARIABLE = YES;
				IPHONEOS_DEPLOYMENT_TARGET = 14.5;
				MTL_ENABLE_DEBUG_INFO = NO;
				MTL_FAST_MATH = YES;
				SDKROOT = iphoneos;
				SWIFT_COMPILATION_MODE = wholemodule;
				SWIFT_OPTIMIZATION_LEVEL = "-O";
				VALIDATE_PRODUCT = YES;
			};
			name = Release;
		};
		BA964B862683213A003265F2 /* Debug */ = {
			isa = XCBuildConfiguration;
			buildSettings = {
				ASSETCATALOG_COMPILER_APPICON_NAME = AppIcon;
				ASSETCATALOG_COMPILER_GLOBAL_ACCENT_COLOR_NAME = AccentColor;
				CODE_SIGN_IDENTITY = "Apple Development";
				CODE_SIGN_STYLE = Automatic;
				DEVELOPMENT_TEAM = "";
				HEADER_SEARCH_PATHS = "$(PROJECT_DIR)/../QGVAPlayer/QGVAPlayer/**";
				INFOPLIST_FILE = QGVAPlayerDemoSwift/Info.plist;
				LD_RUNPATH_SEARCH_PATHS = (
					"$(inherited)",
					"@executable_path/Frameworks",
				);
				PRODUCT_BUNDLE_IDENTIFIER = com.tencent.QGVAPlayerDemoSwift;
				PRODUCT_NAME = "$(TARGET_NAME)";
				PROVISIONING_PROFILE_SPECIFIER = "";
				SWIFT_OBJC_BRIDGING_HEADER = "$(SRCROOT)/QGVAPlayerDemoSwift/QGVAPlayer-Bridging-Header.h";
				SWIFT_VERSION = 5.0;
				TARGETED_DEVICE_FAMILY = "1,2";
			};
			name = Debug;
		};
		BA964B872683213A003265F2 /* Release */ = {
			isa = XCBuildConfiguration;
			buildSettings = {
				ASSETCATALOG_COMPILER_APPICON_NAME = AppIcon;
				ASSETCATALOG_COMPILER_GLOBAL_ACCENT_COLOR_NAME = AccentColor;
				CODE_SIGN_IDENTITY = "Apple Development";
				CODE_SIGN_STYLE = Automatic;
				DEVELOPMENT_TEAM = "";
				HEADER_SEARCH_PATHS = "$(PROJECT_DIR)/../QGVAPlayer/QGVAPlayer/**";
				INFOPLIST_FILE = QGVAPlayerDemoSwift/Info.plist;
				LD_RUNPATH_SEARCH_PATHS = (
					"$(inherited)",
					"@executable_path/Frameworks",
				);
				PRODUCT_BUNDLE_IDENTIFIER = com.tencent.QGVAPlayerDemoSwift;
				PRODUCT_NAME = "$(TARGET_NAME)";
				PROVISIONING_PROFILE_SPECIFIER = "";
				SWIFT_OBJC_BRIDGING_HEADER = "$(SRCROOT)/QGVAPlayerDemoSwift/QGVAPlayer-Bridging-Header.h";
				SWIFT_VERSION = 5.0;
				TARGETED_DEVICE_FAMILY = "1,2";
			};
			name = Release;
		};
/* End XCBuildConfiguration section */

/* Begin XCConfigurationList section */
		BA964B6C26832138003265F2 /* Build configuration list for PBXProject "QGVAPlayerDemoSwift" */ = {
			isa = XCConfigurationList;
			buildConfigurations = (
				BA964B832683213A003265F2 /* Debug */,
				BA964B842683213A003265F2 /* Release */,
			);
			defaultConfigurationIsVisible = 0;
			defaultConfigurationName = Release;
		};
		BA964B852683213A003265F2 /* Build configuration list for PBXNativeTarget "QGVAPlayerDemoSwift" */ = {
			isa = XCConfigurationList;
			buildConfigurations = (
				BA964B862683213A003265F2 /* Debug */,
				BA964B872683213A003265F2 /* Release */,
			);
			defaultConfigurationIsVisible = 0;
			defaultConfigurationName = Release;
		};
/* End XCConfigurationList section */
	};
	rootObject = BA964B6926832138003265F2 /* Project object */;
}
